
Microsoft Visual Studio Solution File, Format Version 12.00
# Visual Studio 2012
Project("{FAE04EC0-301F-11D3-BF4B-00C04F79EFBC}") = "HelloAula", "HelloAula\HelloAula.csproj", "{CCD2188B-DBE4-433D-BF01-8968855B7F63}"
EndProject
Global
	GlobalSection(SolutionConfigurationPlatforms) = preSolution
		Debug|x86 = Debug|x86
		Release|x86 = Release|x86
	EndGlobalSection
	GlobalSection(ProjectConfigurationPlatforms) = postSolution
		{CCD2188B-DBE4-433D-BF01-8968855B7F63}.Debug|x86.ActiveCfg = Debug|x86
		{CCD2188B-DBE4-433D-BF01-8968855B7F63}.Debug|x86.Build.0 = Debug|x86
		{CCD2188B-DBE4-433D-BF01-8968855B7F63}.Release|x86.ActiveCfg = Release|x86
		{CCD2188B-DBE4-433D-BF01-8968855B7F63}.Release|x86.Build.0 = Release|x86
	EndGlobalSection
EndGlobal
